
Microsoft Visual Studio Solution File, Format Version 12.00
# Visual Studio Version 17
VisualStudioVersion = 17.9.34728.123
MinimumVisualStudioVersion = 10.0.40219.1
Project("{FAE04EC0-301F-11D3-BF4B-00C04F79EFBC}") = "UNI_Tools_AR", "UNI_Tools_AR\UNI_Tools_AR.csproj", "{C6631FE1-A9C9-4775-B230-E31E1AD90315}"
EndProject
Project("{54435603-DBB4-11D2-8724-00A0C9A8B90C}") = "UNI_Tools_AR_Setup", "UNI_Tools_AR_Setup\UNI_Tools_AR_Setup.vdproj", "{09BA79D2-FE7D-45A9-8878-965B167C7E73}"
EndProject
Global
	GlobalSection(SolutionConfigurationPlatforms) = preSolution
		Debug|Any CPU = Debug|Any CPU
		Debug|x64 = Debug|x64
		Release|Any CPU = Release|Any CPU
		Release|x64 = Release|x64
	EndGlobalSection
	GlobalSection(ProjectConfigurationPlatforms) = postSolution
		{C6631FE1-A9C9-4775-B230-E31E1AD90315}.Debug|Any CPU.ActiveCfg = Debug|Any CPU
		{C6631FE1-A9C9-4775-B230-E31E1AD90315}.Debug|Any CPU.Build.0 = Debug|Any CPU
		{C6631FE1-A9C9-4775-B230-E31E1AD90315}.Debug|x64.ActiveCfg = Debug|x64
		{C6631FE1-A9C9-4775-B230-E31E1AD90315}.Debug|x64.Build.0 = Debug|x64
		{C6631FE1-A9C9-4775-B230-E31E1AD90315}.Release|Any CPU.ActiveCfg = Release|Any CPU
		{C6631FE1-A9C9-4775-B230-E31E1AD90315}.Release|Any CPU.Build.0 = Release|Any CPU
		{C6631FE1-A9C9-4775-B230-E31E1AD90315}.Release|x64.ActiveCfg = Release|x64
		{C6631FE1-A9C9-4775-B230-E31E1AD90315}.Release|x64.Build.0 = Release|x64
		{09BA79D2-FE7D-45A9-8878-965B167C7E73}.Debug|Any CPU.ActiveCfg = Debug
		{09BA79D2-FE7D-45A9-8878-965B167C7E73}.Debug|x64.ActiveCfg = Debug
		{09BA79D2-FE7D-45A9-8878-965B167C7E73}.Debug|x64.Build.0 = Debug
		{09BA79D2-FE7D-45A9-8878-965B167C7E73}.Release|Any CPU.ActiveCfg = Release
		{09BA79D2-FE7D-45A9-8878-965B167C7E73}.Release|x64.ActiveCfg = Release
		{09BA79D2-FE7D-45A9-8878-965B167C7E73}.Release|x64.Build.0 = Release
	EndGlobalSection
	GlobalSection(SolutionProperties) = preSolution
		HideSolutionNode = FALSE
	EndGlobalSection
	GlobalSection(ExtensibilityGlobals) = postSolution
		SolutionGuid = {EC5C632A-5218-4EA7-B435-E5C6BC1196C7}
	EndGlobalSection
EndGlobal
